
Microsoft Visual Studio Solution File, Format Version 12.00
# Visual Studio Version 16
VisualStudioVersion = 16.0.31624.102
MinimumVisualStudioVersion = 10.0.40219.1
Project("{FAE04EC0-301F-11D3-BF4B-00C04F79EFBC}") = "maintenance", "maintenance.csproj", "{91E6661F-5C3A-4F16-B449-44C79AD177FB}"
EndProject
Global
	GlobalSection(SolutionConfigurationPlatforms) = preSolution
		Debug|Any CPU = Debug|Any CPU
		Release|Any CPU = Release|Any CPU
	EndGlobalSection
	GlobalSection(ProjectConfigurationPlatforms) = postSolution
		{91E6661F-5C3A-4F16-B449-44C79AD177FB}.Debug|Any CPU.ActiveCfg = Debug|Any CPU
		{91E6661F-5C3A-4F16-B449-44C79AD177FB}.Debug|Any CPU.Build.0 = Debug|Any CPU
		{91E6661F-5C3A-4F16-B449-44C79AD177FB}.Release|Any CPU.ActiveCfg = Release|Any CPU
		{91E6661F-5C3A-4F16-B449-44C79AD177FB}.Release|Any CPU.Build.0 = Release|Any CPU
	EndGlobalSection
	GlobalSection(SolutionProperties) = preSolution
		HideSolutionNode = FALSE
	EndGlobalSection
	GlobalSection(ExtensibilityGlobals) = postSolution
		SolutionGuid = {AB7FEF45-D2B7-4677-9205-11DC176E2767}
	EndGlobalSection
EndGlobal
